
Microsoft Visual Studio Solution File, Format Version 12.00
Project("{2150E333-8FDC-42A3-9474-1A3956D46DE8}") = "4 - Infra", "4 - Infra", "{A18B7F85-2132-4642-A329-9783C2BB8AE7}"
EndProject
Project("{2150E333-8FDC-42A3-9474-1A3956D46DE8}") = "4.1 - Data", "4.1 - Data", "{73B1D502-354C-4195-9B72-DD0841AD41A0}"
EndProject
Project("{FAE04EC0-301F-11D3-BF4B-00C04F79EFBC}") = "Rede.Infra.Data", "Rede.Infra.Data\Rede.Infra.Data.csproj", "{D2F51A11-7927-4A82-B21B-3A020111AFAB}"
EndProject
Project("{2150E333-8FDC-42A3-9474-1A3956D46DE8}") = "1 - Application", "1 - Application", "{3E0C9017-2B37-4B2A-BB6E-EA05E731812B}"
EndProject
Project("{FAE04EC0-301F-11D3-BF4B-00C04F79EFBC}") = "Rede.Application", "Rede.Application\Rede.Application.csproj", "{FDC1B80F-8DA1-49B3-84BD-480C47FCAFB4}"
EndProject
Project("{2150E333-8FDC-42A3-9474-1A3956D46DE8}") = "4.2 - CrossCutting", "4.2 - CrossCutting", "{254CBF7D-0BA5-41DD-A012-7AC9E5828A4E}"
EndProject
Project("{2150E333-8FDC-42A3-9474-1A3956D46DE8}") = "3 - Service", "3 - Service", "{74431C3A-B438-4EA7-90B2-B0A2C346C34C}"
EndProject
Project("{2150E333-8FDC-42A3-9474-1A3956D46DE8}") = "2 - Domain", "2 - Domain", "{E3D41FBA-F4F8-409B-B475-2FCC60847E85}"
EndProject
Project("{FAE04EC0-301F-11D3-BF4B-00C04F79EFBC}") = "Rede.Domain", "Rede.Domain\Rede.Domain.csproj", "{2D1A3A9B-8D04-4A47-91F9-0C1D1E3C2DCE}"
EndProject
Project("{FAE04EC0-301F-11D3-BF4B-00C04F79EFBC}") = "Rede.Domain.Core", "Rede.Domain.Core\Rede.Domain.Core.csproj", "{141DAED1-01E8-495C-8C59-80386478C7AD}"
EndProject
Project("{FAE04EC0-301F-11D3-BF4B-00C04F79EFBC}") = "Rede.Service", "Rede.Service\Rede.Service.csproj", "{1029F4EB-605F-4310-9258-E4EA5C4FE566}"
EndProject
Project("{FAE04EC0-301F-11D3-BF4B-00C04F79EFBC}") = "Rede.Infra.CrossCutting.IoC", "Rede.Infra.CrossCutting.IoC\Rede.Infra.CrossCutting.IoC.csproj", "{9D830CDF-AFB5-42D5-91DB-F811E30F8DC9}"
EndProject
Project("{FAE04EC0-301F-11D3-BF4B-00C04F79EFBC}") = "Rede.Infra.CrossCutting.Bus", "Rede.Infra.CrossCutting.Bus\Rede.Infra.CrossCutting.Bus.csproj", "{D56844A8-2647-492D-9FE6-E1CAF82001F8}"
EndProject
Project("{FAE04EC0-301F-11D3-BF4B-00C04F79EFBC}") = "Rede.Infra.CrossCutting.Identity", "Rede.Infra.CrossCutting.Identity\Rede.Infra.CrossCutting.Identity.csproj", "{6E4D18E4-7256-491A-8CDE-005C4EE26472}"
EndProject
Project("{2150E333-8FDC-42A3-9474-1A3956D46DE8}") = "5 - Tests", "5 - Tests", "{390CABF0-9698-493D-9BFA-EDBE3A68ECB4}"
EndProject
Project("{FAE04EC0-301F-11D3-BF4B-00C04F79EFBC}") = "Rede.Tests.UnitTests", "Rede.Tests.UnitTests\Rede.Tests.UnitTests.csproj", "{381D152C-AF59-4AB6-8B10-D9E6F64C20B3}"
EndProject
Global
	GlobalSection(SolutionConfigurationPlatforms) = preSolution
		Debug|Any CPU = Debug|Any CPU
		Release|Any CPU = Release|Any CPU
	EndGlobalSection
	GlobalSection(ProjectConfigurationPlatforms) = postSolution
		{D2F51A11-7927-4A82-B21B-3A020111AFAB}.Debug|Any CPU.ActiveCfg = Debug|Any CPU
		{D2F51A11-7927-4A82-B21B-3A020111AFAB}.Debug|Any CPU.Build.0 = Debug|Any CPU
		{D2F51A11-7927-4A82-B21B-3A020111AFAB}.Release|Any CPU.ActiveCfg = Release|Any CPU
		{D2F51A11-7927-4A82-B21B-3A020111AFAB}.Release|Any CPU.Build.0 = Release|Any CPU
		{FDC1B80F-8DA1-49B3-84BD-480C47FCAFB4}.Debug|Any CPU.ActiveCfg = Debug|Any CPU
		{FDC1B80F-8DA1-49B3-84BD-480C47FCAFB4}.Debug|Any CPU.Build.0 = Debug|Any CPU
		{FDC1B80F-8DA1-49B3-84BD-480C47FCAFB4}.Release|Any CPU.ActiveCfg = Release|Any CPU
		{FDC1B80F-8DA1-49B3-84BD-480C47FCAFB4}.Release|Any CPU.Build.0 = Release|Any CPU
		{2D1A3A9B-8D04-4A47-91F9-0C1D1E3C2DCE}.Debug|Any CPU.ActiveCfg = Debug|Any CPU
		{2D1A3A9B-8D04-4A47-91F9-0C1D1E3C2DCE}.Debug|Any CPU.Build.0 = Debug|Any CPU
		{2D1A3A9B-8D04-4A47-91F9-0C1D1E3C2DCE}.Release|Any CPU.ActiveCfg = Release|Any CPU
		{2D1A3A9B-8D04-4A47-91F9-0C1D1E3C2DCE}.Release|Any CPU.Build.0 = Release|Any CPU
		{141DAED1-01E8-495C-8C59-80386478C7AD}.Debug|Any CPU.ActiveCfg = Debug|Any CPU
		{141DAED1-01E8-495C-8C59-80386478C7AD}.Debug|Any CPU.Build.0 = Debug|Any CPU
		{141DAED1-01E8-495C-8C59-80386478C7AD}.Release|Any CPU.ActiveCfg = Release|Any CPU
		{141DAED1-01E8-495C-8C59-80386478C7AD}.Release|Any CPU.Build.0 = Release|Any CPU
		{1029F4EB-605F-4310-9258-E4EA5C4FE566}.Debug|Any CPU.ActiveCfg = Debug|Any CPU
		{1029F4EB-605F-4310-9258-E4EA5C4FE566}.Debug|Any CPU.Build.0 = Debug|Any CPU
		{1029F4EB-605F-4310-9258-E4EA5C4FE566}.Release|Any CPU.ActiveCfg = Release|Any CPU
		{1029F4EB-605F-4310-9258-E4EA5C4FE566}.Release|Any CPU.Build.0 = Release|Any CPU
		{9D830CDF-AFB5-42D5-91DB-F811E30F8DC9}.Debug|Any CPU.ActiveCfg = Debug|Any CPU
		{9D830CDF-AFB5-42D5-91DB-F811E30F8DC9}.Debug|Any CPU.Build.0 = Debug|Any CPU
		{9D830CDF-AFB5-42D5-91DB-F811E30F8DC9}.Release|Any CPU.ActiveCfg = Release|Any CPU
		{9D830CDF-AFB5-42D5-91DB-F811E30F8DC9}.Release|Any CPU.Build.0 = Release|Any CPU
		{D56844A8-2647-492D-9FE6-E1CAF82001F8}.Debug|Any CPU.ActiveCfg = Debug|Any CPU
		{D56844A8-2647-492D-9FE6-E1CAF82001F8}.Debug|Any CPU.Build.0 = Debug|Any CPU
		{D56844A8-2647-492D-9FE6-E1CAF82001F8}.Release|Any CPU.ActiveCfg = Release|Any CPU
		{D56844A8-2647-492D-9FE6-E1CAF82001F8}.Release|Any CPU.Build.0 = Release|Any CPU
		{6E4D18E4-7256-491A-8CDE-005C4EE26472}.Debug|Any CPU.ActiveCfg = Debug|Any CPU
		{6E4D18E4-7256-491A-8CDE-005C4EE26472}.Debug|Any CPU.Build.0 = Debug|Any CPU
		{6E4D18E4-7256-491A-8CDE-005C4EE26472}.Release|Any CPU.ActiveCfg = Release|Any CPU
		{6E4D18E4-7256-491A-8CDE-005C4EE26472}.Release|Any CPU.Build.0 = Release|Any CPU
		{381D152C-AF59-4AB6-8B10-D9E6F64C20B3}.Debug|Any CPU.ActiveCfg = Debug|Any CPU
		{381D152C-AF59-4AB6-8B10-D9E6F64C20B3}.Debug|Any CPU.Build.0 = Debug|Any CPU
		{381D152C-AF59-4AB6-8B10-D9E6F64C20B3}.Release|Any CPU.ActiveCfg = Release|Any CPU
		{381D152C-AF59-4AB6-8B10-D9E6F64C20B3}.Release|Any CPU.Build.0 = Release|Any CPU
	EndGlobalSection
	GlobalSection(NestedProjects) = preSolution
		{73B1D502-354C-4195-9B72-DD0841AD41A0} = {A18B7F85-2132-4642-A329-9783C2BB8AE7}
		{D2F51A11-7927-4A82-B21B-3A020111AFAB} = {73B1D502-354C-4195-9B72-DD0841AD41A0}
		{FDC1B80F-8DA1-49B3-84BD-480C47FCAFB4} = {3E0C9017-2B37-4B2A-BB6E-EA05E731812B}
		{254CBF7D-0BA5-41DD-A012-7AC9E5828A4E} = {A18B7F85-2132-4642-A329-9783C2BB8AE7}
		{2D1A3A9B-8D04-4A47-91F9-0C1D1E3C2DCE} = {E3D41FBA-F4F8-409B-B475-2FCC60847E85}
		{141DAED1-01E8-495C-8C59-80386478C7AD} = {E3D41FBA-F4F8-409B-B475-2FCC60847E85}
		{1029F4EB-605F-4310-9258-E4EA5C4FE566} = {74431C3A-B438-4EA7-90B2-B0A2C346C34C}
		{9D830CDF-AFB5-42D5-91DB-F811E30F8DC9} = {254CBF7D-0BA5-41DD-A012-7AC9E5828A4E}
		{D56844A8-2647-492D-9FE6-E1CAF82001F8} = {254CBF7D-0BA5-41DD-A012-7AC9E5828A4E}
		{6E4D18E4-7256-491A-8CDE-005C4EE26472} = {254CBF7D-0BA5-41DD-A012-7AC9E5828A4E}
		{381D152C-AF59-4AB6-8B10-D9E6F64C20B3} = {390CABF0-9698-493D-9BFA-EDBE3A68ECB4}
	EndGlobalSection
EndGlobal
